
Microsoft Visual Studio Solution File, Format Version 12.00
# Visual Studio Version 17
VisualStudioVersion = 17.14.36401.2 d17.14
MinimumVisualStudioVersion = 10.0.40219.1
Project("{FAE04EC0-301F-11D3-BF4B-00C04F79EFBC}") = "Aluno.Dominio", "Aluno.Dominio\Aluno.Dominio.csproj", "{6C33D9D6-77DB-47A9-B033-AE870712D76E}"
EndProject
Project("{FAE04EC0-301F-11D3-BF4B-00C04F79EFBC}") = "Aluno.Repositorio", "Aluno.Repositorio\Aluno.Repositorio.csproj", "{B6B7E9A0-9EFA-4A85-B567-2FB80DAB0001}"
EndProject
Project("{FAE04EC0-301F-11D3-BF4B-00C04F79EFBC}") = "Aluno.Serviço", "Aluno.Serviço\Aluno.Serviço.csproj", "{8B465F18-4921-4BE9-9331-20CCF3C017B4}"
EndProject
Project("{FAE04EC0-301F-11D3-BF4B-00C04F79EFBC}") = "Aluno.WebAPI", "Aluno.WebAPI\Aluno.WebAPI.csproj", "{A27F6B7E-6C6D-48CF-AD33-09FDD8642ABF}"
EndProject
Global
	GlobalSection(SolutionConfigurationPlatforms) = preSolution
		Debug|Any CPU = Debug|Any CPU
		Release|Any CPU = Release|Any CPU
	EndGlobalSection
	GlobalSection(ProjectConfigurationPlatforms) = postSolution
		{6C33D9D6-77DB-47A9-B033-AE870712D76E}.Debug|Any CPU.ActiveCfg = Debug|Any CPU
		{6C33D9D6-77DB-47A9-B033-AE870712D76E}.Debug|Any CPU.Build.0 = Debug|Any CPU
		{6C33D9D6-77DB-47A9-B033-AE870712D76E}.Release|Any CPU.ActiveCfg = Release|Any CPU
		{6C33D9D6-77DB-47A9-B033-AE870712D76E}.Release|Any CPU.Build.0 = Release|Any CPU
		{B6B7E9A0-9EFA-4A85-B567-2FB80DAB0001}.Debug|Any CPU.ActiveCfg = Debug|Any CPU
		{B6B7E9A0-9EFA-4A85-B567-2FB80DAB0001}.Debug|Any CPU.Build.0 = Debug|Any CPU
		{B6B7E9A0-9EFA-4A85-B567-2FB80DAB0001}.Release|Any CPU.ActiveCfg = Release|Any CPU
		{B6B7E9A0-9EFA-4A85-B567-2FB80DAB0001}.Release|Any CPU.Build.0 = Release|Any CPU
		{8B465F18-4921-4BE9-9331-20CCF3C017B4}.Debug|Any CPU.ActiveCfg = Debug|Any CPU
		{8B465F18-4921-4BE9-9331-20CCF3C017B4}.Debug|Any CPU.Build.0 = Debug|Any CPU
		{8B465F18-4921-4BE9-9331-20CCF3C017B4}.Release|Any CPU.ActiveCfg = Release|Any CPU
		{8B465F18-4921-4BE9-9331-20CCF3C017B4}.Release|Any CPU.Build.0 = Release|Any CPU
		{A27F6B7E-6C6D-48CF-AD33-09FDD8642ABF}.Debug|Any CPU.ActiveCfg = Debug|Any CPU
		{A27F6B7E-6C6D-48CF-AD33-09FDD8642ABF}.Debug|Any CPU.Build.0 = Debug|Any CPU
		{A27F6B7E-6C6D-48CF-AD33-09FDD8642ABF}.Release|Any CPU.ActiveCfg = Release|Any CPU
		{A27F6B7E-6C6D-48CF-AD33-09FDD8642ABF}.Release|Any CPU.Build.0 = Release|Any CPU
	EndGlobalSection
	GlobalSection(SolutionProperties) = preSolution
		HideSolutionNode = FALSE
	EndGlobalSection
	GlobalSection(ExtensibilityGlobals) = postSolution
		SolutionGuid = {45EC68E5-2BB6-45D7-B5AC-8D60E736BD58}
	EndGlobalSection
EndGlobal
